// !$*UTF8*$!
{
	archiveVersion = 1;
	classes = {
	};
	objectVersion = 46;
	objects = {

/* Begin PBXBuildFile section */
		7A3E275315D15A17007AC418 /* CoreLocation.framework in Frameworks */ = {isa = PBXBuildFile; fileRef = 7A3E275115D15A17007AC418 /* CoreLocation.framework */; };
		7A3E275415D15A17007AC418 /* MapKit.framework in Frameworks */ = {isa = PBXBuildFile; fileRef = 7A3E275215D15A17007AC418 /* MapKit.framework */; };
		7A3E275815D15BFE007AC418 /* FlickrPhotoAnnotation.m in Sources */ = {isa = PBXBuildFile; fileRef = 7A3E275715D15BFD007AC418 /* FlickrPhotoAnnotation.m */; };
		7A3E275B15D160FE007AC418 /* MapViewController.m in Sources */ = {isa = PBXBuildFile; fileRef = 7A3E275A15D160FE007AC418 /* MapViewController.m */; };
		7A42E6EE15A250C4007F2747 /* FlickerPhotosViewController.m in Sources */ = {isa = PBXBuildFile; fileRef = 7A42E6ED15A250C4007F2747 /* FlickerPhotosViewController.m */; };
		7A42E70915A32A93007F2747 /* FlickrRecentPhotosViewController.m in Sources */ = {isa = PBXBuildFile; fileRef = 7A42E70815A32A93007F2747 /* FlickrRecentPhotosViewController.m */; };
		7A42E71515A35029007F2747 /* FlickerRecentPhotosFromPlaceViewController.m in Sources */ = {isa = PBXBuildFile; fileRef = 7A42E71415A35029007F2747 /* FlickerRecentPhotosFromPlaceViewController.m */; };
		7A7E810815D6C19B00447874 /* OptionsViewController.m in Sources */ = {isa = PBXBuildFile; fileRef = 7A7E810715D6C19B00447874 /* OptionsViewController.m */; };
		7AA79CC915A24CB100FF5516 /* UIKit.framework in Frameworks */ = {isa = PBXBuildFile; fileRef = 7AA79CC815A24CB100FF5516 /* UIKit.framework */; };
		7AA79CCB15A24CB100FF5516 /* Foundation.framework in Frameworks */ = {isa = PBXBuildFile; fileRef = 7AA79CCA15A24CB100FF5516 /* Foundation.framework */; };
		7AA79CCD15A24CB100FF5516 /* CoreGraphics.framework in Frameworks */ = {isa = PBXBuildFile; fileRef = 7AA79CCC15A24CB100FF5516 /* CoreGraphics.framework */; };
		7AA79CD315A24CB100FF5516 /* InfoPlist.strings in Resources */ = {isa = PBXBuildFile; fileRef = 7AA79CD115A24CB100FF5516 /* InfoPlist.strings */; };
		7AA79CD515A24CB100FF5516 /* main.m in Sources */ = {isa = PBXBuildFile; fileRef = 7AA79CD415A24CB100FF5516 /* main.m */; };
		7AA79CD915A24CB100FF5516 /* AppDelegate.m in Sources */ = {isa = PBXBuildFile; fileRef = 7AA79CD815A24CB100FF5516 /* AppDelegate.m */; };
		7AA79CDC15A24CB100FF5516 /* MainStoryboard_iPhone.storyboard in Resources */ = {isa = PBXBuildFile; fileRef = 7AA79CDA15A24CB100FF5516 /* MainStoryboard_iPhone.storyboard */; };
		7AA79CDF15A24CB100FF5516 /* MainStoryboard_iPad.storyboard in Resources */ = {isa = PBXBuildFile; fileRef = 7AA79CDD15A24CB100FF5516 /* MainStoryboard_iPad.storyboard */; };
		7AABB1AD15D95EC2008D7A28 /* VacationHelper.m in Sources */ = {isa = PBXBuildFile; fileRef = 7AABB1AC15D95EC2008D7A28 /* VacationHelper.m */; };
		7AABB1BD15D968DA008D7A28 /* PlacesViewController.m in Sources */ = {isa = PBXBuildFile; fileRef = 7AABB1BC15D968DA008D7A28 /* PlacesViewController.m */; };
		7AABB1C015D968F4008D7A28 /* TagsViewController.m in Sources */ = {isa = PBXBuildFile; fileRef = 7AABB1BF15D968F4008D7A28 /* TagsViewController.m */; };
		7AABB1C315D982B0008D7A28 /* VacationInfo.xcdatamodeld in Sources */ = {isa = PBXBuildFile; fileRef = 7AABB1C115D982B0008D7A28 /* VacationInfo.xcdatamodeld */; };
		7AABB1D815D98597008D7A28 /* Photo+Create.m in Sources */ = {isa = PBXBuildFile; fileRef = 7AABB1D715D98596008D7A28 /* Photo+Create.m */; };
		7AABB1DB15D985B0008D7A28 /* Tag+Create.m in Sources */ = {isa = PBXBuildFile; fileRef = 7AABB1DA15D985AF008D7A28 /* Tag+Create.m */; };
		7AD398C715D5979600BED405 /* CoreDataTableViewController.m in Sources */ = {isa = PBXBuildFile; fileRef = 7AD398C615D5979600BED405 /* CoreDataTableViewController.m */; };
		7AD398CA15D597B200BED405 /* FlickrFetcher.m in Sources */ = {isa = PBXBuildFile; fileRef = 7AD398C915D597B200BED405 /* FlickrFetcher.m */; };
		7AD398CD15D59A2D00BED405 /* VirtualVacationController.m in Sources */ = {isa = PBXBuildFile; fileRef = 7AD398CC15D59A2D00BED405 /* VirtualVacationController.m */; };
		7AF1F34115A519C500BA8C74 /* FlickrSinglePhotoViewController.m in Sources */ = {isa = PBXBuildFile; fileRef = 7AF1F34015A519C500BA8C74 /* FlickrSinglePhotoViewController.m */; };
		7AF9C69A15C9BA1400656CC5 /* Cache.m in Sources */ = {isa = PBXBuildFile; fileRef = 7AF9C69915C9BA1400656CC5 /* Cache.m */; };
		7AFFCBED15D9880E00D66B86 /* Place+Create.m in Sources */ = {isa = PBXBuildFile; fileRef = 7AFFCBEC15D9880E00D66B86 /* Place+Create.m */; };
		7AFFCC0515D98F7900D66B86 /* CoreData.framework in Frameworks */ = {isa = PBXBuildFile; fileRef = 7AFFCC0415D98F7900D66B86 /* CoreData.framework */; };
		7AFFCC1115D9AE0B00D66B86 /* Photo.m in Sources */ = {isa = PBXBuildFile; fileRef = 7AFFCC1015D9AE0A00D66B86 /* Photo.m */; };
		7AFFCC1415D9AE0F00D66B86 /* Place.m in Sources */ = {isa = PBXBuildFile; fileRef = 7AFFCC1315D9AE0E00D66B86 /* Place.m */; };
		7AFFCC1715D9AE1200D66B86 /* Tag.m in Sources */ = {isa = PBXBuildFile; fileRef = 7AFFCC1615D9AE1000D66B86 /* Tag.m */; };
/* End PBXBuildFile section */

/* Begin PBXFileReference section */
		7A3E275115D15A17007AC418 /* CoreLocation.framework */ = {isa = PBXFileReference; lastKnownFileType = wrapper.framework; name = CoreLocation.framework; path = System/Library/Frameworks/CoreLocation.framework; sourceTree = SDKROOT; };
		7A3E275215D15A17007AC418 /* MapKit.framework */ = {isa = PBXFileReference; lastKnownFileType = wrapper.framework; name = MapKit.framework; path = System/Library/Frameworks/MapKit.framework; sourceTree = SDKROOT; };
		7A3E275615D15BFD007AC418 /* FlickrPhotoAnnotation.h */ = {isa = PBXFileReference; fileEncoding = 4; lastKnownFileType = sourcecode.c.h; path = FlickrPhotoAnnotation.h; sourceTree = "<group>"; };
		7A3E275715D15BFD007AC418 /* FlickrPhotoAnnotation.m */ = {isa = PBXFileReference; fileEncoding = 4; lastKnownFileType = sourcecode.c.objc; path = FlickrPhotoAnnotation.m; sourceTree = "<group>"; };
		7A3E275915D160FD007AC418 /* MapViewController.h */ = {isa = PBXFileReference; fileEncoding = 4; lastKnownFileType = sourcecode.c.h; path = MapViewController.h; sourceTree = "<group>"; };
		7A3E275A15D160FE007AC418 /* MapViewController.m */ = {isa = PBXFileReference; fileEncoding = 4; lastKnownFileType = sourcecode.c.objc; path = MapViewController.m; sourceTree = "<group>"; };
		7A42E6EC15A250C4007F2747 /* FlickerPhotosViewController.h */ = {isa = PBXFileReference; fileEncoding = 4; lastKnownFileType = sourcecode.c.h; path = FlickerPhotosViewController.h; sourceTree = "<group>"; };
		7A42E6ED15A250C4007F2747 /* FlickerPhotosViewController.m */ = {isa = PBXFileReference; fileEncoding = 4; lastKnownFileType = sourcecode.c.objc; path = FlickerPhotosViewController.m; sourceTree = "<group>"; };
		7A42E6EF15A25456007F2747 /* FlickrAPIKey.h */ = {isa = PBXFileReference; fileEncoding = 4; lastKnownFileType = sourcecode.c.h; path = FlickrAPIKey.h; sourceTree = "<group>"; };
		7A42E70715A32A93007F2747 /* FlickrRecentPhotosViewController.h */ = {isa = PBXFileReference; fileEncoding = 4; lastKnownFileType = sourcecode.c.h; path = FlickrRecentPhotosViewController.h; sourceTree = "<group>"; };
		7A42E70815A32A93007F2747 /* FlickrRecentPhotosViewController.m */ = {isa = PBXFileReference; fileEncoding = 4; lastKnownFileType = sourcecode.c.objc; path = FlickrRecentPhotosViewController.m; sourceTree = "<group>"; };
		7A42E71315A35028007F2747 /* FlickerRecentPhotosFromPlaceViewController.h */ = {isa = PBXFileReference; fileEncoding = 4; lastKnownFileType = sourcecode.c.h; path = FlickerRecentPhotosFromPlaceViewController.h; sourceTree = "<group>"; };
		7A42E71415A35029007F2747 /* FlickerRecentPhotosFromPlaceViewController.m */ = {isa = PBXFileReference; fileEncoding = 4; lastKnownFileType = sourcecode.c.objc; path = FlickerRecentPhotosFromPlaceViewController.m; sourceTree = "<group>"; };
		7A7E810615D6C19A00447874 /* OptionsViewController.h */ = {isa = PBXFileReference; fileEncoding = 4; lastKnownFileType = sourcecode.c.h; path = OptionsViewController.h; sourceTree = "<group>"; };
		7A7E810715D6C19B00447874 /* OptionsViewController.m */ = {isa = PBXFileReference; fileEncoding = 4; lastKnownFileType = sourcecode.c.objc; path = OptionsViewController.m; sourceTree = "<group>"; };
		7AA79CC415A24CB100FF5516 /* TopPlaces.app */ = {isa = PBXFileReference; explicitFileType = wrapper.application; includeInIndex = 0; path = TopPlaces.app; sourceTree = BUILT_PRODUCTS_DIR; };
		7AA79CC815A24CB100FF5516 /* UIKit.framework */ = {isa = PBXFileReference; lastKnownFileType = wrapper.framework; name = UIKit.framework; path = System/Library/Frameworks/UIKit.framework; sourceTree = SDKROOT; };
		7AA79CCA15A24CB100FF5516 /* Foundation.framework */ = {isa = PBXFileReference; lastKnownFileType = wrapper.framework; name = Foundation.framework; path = System/Library/Frameworks/Foundation.framework; sourceTree = SDKROOT; };
		7AA79CCC15A24CB100FF5516 /* CoreGraphics.framework */ = {isa = PBXFileReference; lastKnownFileType = wrapper.framework; name = CoreGraphics.framework; path = System/Library/Frameworks/CoreGraphics.framework; sourceTree = SDKROOT; };
		7AA79CD015A24CB100FF5516 /* TopPlaces-Info.plist */ = {isa = PBXFileReference; lastKnownFileType = text.plist.xml; path = "TopPlaces-Info.plist"; sourceTree = "<group>"; };
		7AA79CD215A24CB100FF5516 /* en */ = {isa = PBXFileReference; lastKnownFileType = text.plist.strings; name = en; path = en.lproj/InfoPlist.strings; sourceTree = "<group>"; };
		7AA79CD415A24CB100FF5516 /* main.m */ = {isa = PBXFileReference; lastKnownFileType = sourcecode.c.objc; path = main.m; sourceTree = "<group>"; };
		7AA79CD615A24CB100FF5516 /* TopPlaces-Prefix.pch */ = {isa = PBXFileReference; lastKnownFileType = sourcecode.c.h; path = "TopPlaces-Prefix.pch"; sourceTree = "<group>"; };
		7AA79CD715A24CB100FF5516 /* AppDelegate.h */ = {isa = PBXFileReference; lastKnownFileType = sourcecode.c.h; path = AppDelegate.h; sourceTree = "<group>"; };
		7AA79CD815A24CB100FF5516 /* AppDelegate.m */ = {isa = PBXFileReference; lastKnownFileType = sourcecode.c.objc; path = AppDelegate.m; sourceTree = "<group>"; };
		7AA79CDB15A24CB100FF5516 /* en */ = {isa = PBXFileReference; lastKnownFileType = file.storyboard; name = en; path = en.lproj/MainStoryboard_iPhone.storyboard; sourceTree = "<group>"; };
		7AA79CDE15A24CB100FF5516 /* en */ = {isa = PBXFileReference; lastKnownFileType = file.storyboard; name = en; path = en.lproj/MainStoryboard_iPad.storyboard; sourceTree = "<group>"; };
		7AABB1AB15D95EC2008D7A28 /* VacationHelper.h */ = {isa = PBXFileReference; fileEncoding = 4; lastKnownFileType = sourcecode.c.h; path = VacationHelper.h; sourceTree = "<group>"; };
		7AABB1AC15D95EC2008D7A28 /* VacationHelper.m */ = {isa = PBXFileReference; fileEncoding = 4; lastKnownFileType = sourcecode.c.objc; path = VacationHelper.m; sourceTree = "<group>"; };
		7AABB1BB15D968DA008D7A28 /* PlacesViewController.h */ = {isa = PBXFileReference; fileEncoding = 4; lastKnownFileType = sourcecode.c.h; path = PlacesViewController.h; sourceTree = "<group>"; };
		7AABB1BC15D968DA008D7A28 /* PlacesViewController.m */ = {isa = PBXFileReference; fileEncoding = 4; lastKnownFileType = sourcecode.c.objc; path = PlacesViewController.m; sourceTree = "<group>"; };
		7AABB1BE15D968F4008D7A28 /* TagsViewController.h */ = {isa = PBXFileReference; fileEncoding = 4; lastKnownFileType = sourcecode.c.h; path = TagsViewController.h; sourceTree = "<group>"; };
		7AABB1BF15D968F4008D7A28 /* TagsViewController.m */ = {isa = PBXFileReference; fileEncoding = 4; lastKnownFileType = sourcecode.c.objc; path = TagsViewController.m; sourceTree = "<group>"; };
		7AABB1C215D982B0008D7A28 /* VacationInfo.xcdatamodel */ = {isa = PBXFileReference; lastKnownFileType = wrapper.xcdatamodel; path = VacationInfo.xcdatamodel; sourceTree = "<group>"; };
		7AABB1D615D98596008D7A28 /* Photo+Create.h */ = {isa = PBXFileReference; fileEncoding = 4; lastKnownFileType = sourcecode.c.h; path = "Photo+Create.h"; sourceTree = "<group>"; };
		7AABB1D715D98596008D7A28 /* Photo+Create.m */ = {isa = PBXFileReference; fileEncoding = 4; lastKnownFileType = sourcecode.c.objc; path = "Photo+Create.m"; sourceTree = "<group>"; };
		7AABB1D915D985AE008D7A28 /* Tag+Create.h */ = {isa = PBXFileReference; fileEncoding = 4; lastKnownFileType = sourcecode.c.h; path = "Tag+Create.h"; sourceTree = "<group>"; };
		7AABB1DA15D985AF008D7A28 /* Tag+Create.m */ = {isa = PBXFileReference; fileEncoding = 4; lastKnownFileType = sourcecode.c.objc; path = "Tag+Create.m"; sourceTree = "<group>"; };
		7AD398C515D5979600BED405 /* CoreDataTableViewController.h */ = {isa = PBXFileReference; fileEncoding = 4; lastKnownFileType = sourcecode.c.h; path = CoreDataTableViewController.h; sourceTree = "<group>"; };
		7AD398C615D5979600BED405 /* CoreDataTableViewController.m */ = {isa = PBXFileReference; fileEncoding = 4; lastKnownFileType = sourcecode.c.objc; path = CoreDataTableViewController.m; sourceTree = "<group>"; };
		7AD398C815D597B200BED405 /* FlickrFetcher.h */ = {isa = PBXFileReference; fileEncoding = 4; lastKnownFileType = sourcecode.c.h; path = FlickrFetcher.h; sourceTree = "<group>"; };
		7AD398C915D597B200BED405 /* FlickrFetcher.m */ = {isa = PBXFileReference; fileEncoding = 4; lastKnownFileType = sourcecode.c.objc; path = FlickrFetcher.m; sourceTree = "<group>"; };
		7AD398CB15D59A2C00BED405 /* VirtualVacationController.h */ = {isa = PBXFileReference; fileEncoding = 4; lastKnownFileType = sourcecode.c.h; path = VirtualVacationController.h; sourceTree = "<group>"; };
		7AD398CC15D59A2D00BED405 /* VirtualVacationController.m */ = {isa = PBXFileReference; fileEncoding = 4; lastKnownFileType = sourcecode.c.objc; path = VirtualVacationController.m; sourceTree = "<group>"; };
		7AF1F33F15A519C400BA8C74 /* FlickrSinglePhotoViewController.h */ = {isa = PBXFileReference; fileEncoding = 4; lastKnownFileType = sourcecode.c.h; path = FlickrSinglePhotoViewController.h; sourceTree = "<group>"; };
		7AF1F34015A519C500BA8C74 /* FlickrSinglePhotoViewController.m */ = {isa = PBXFileReference; fileEncoding = 4; lastKnownFileType = sourcecode.c.objc; path = FlickrSinglePhotoViewController.m; sourceTree = "<group>"; };
		7AF9C69815C9BA1400656CC5 /* Cache.h */ = {isa = PBXFileReference; fileEncoding = 4; lastKnownFileType = sourcecode.c.h; path = Cache.h; sourceTree = "<group>"; };
		7AF9C69915C9BA1400656CC5 /* Cache.m */ = {isa = PBXFileReference; fileEncoding = 4; lastKnownFileType = sourcecode.c.objc; path = Cache.m; sourceTree = "<group>"; };
		7AFFCBEB15D9880E00D66B86 /* Place+Create.h */ = {isa = PBXFileReference; fileEncoding = 4; lastKnownFileType = sourcecode.c.h; path = "Place+Create.h"; sourceTree = "<group>"; };
		7AFFCBEC15D9880E00D66B86 /* Place+Create.m */ = {isa = PBXFileReference; fileEncoding = 4; lastKnownFileType = sourcecode.c.objc; path = "Place+Create.m"; sourceTree = "<group>"; };
		7AFFCC0415D98F7900D66B86 /* CoreData.framework */ = {isa = PBXFileReference; lastKnownFileType = wrapper.framework; name = CoreData.framework; path = System/Library/Frameworks/CoreData.framework; sourceTree = SDKROOT; };
		7AFFCC0F15D9AE0900D66B86 /* Photo.h */ = {isa = PBXFileReference; fileEncoding = 4; lastKnownFileType = sourcecode.c.h; path = Photo.h; sourceTree = "<group>"; };
		7AFFCC1015D9AE0A00D66B86 /* Photo.m */ = {isa = PBXFileReference; fileEncoding = 4; lastKnownFileType = sourcecode.c.objc; path = Photo.m; sourceTree = "<group>"; };
		7AFFCC1215D9AE0D00D66B86 /* Place.h */ = {isa = PBXFileReference; fileEncoding = 4; lastKnownFileType = sourcecode.c.h; path = Place.h; sourceTree = "<group>"; };
		7AFFCC1315D9AE0E00D66B86 /* Place.m */ = {isa = PBXFileReference; fileEncoding = 4; lastKnownFileType = sourcecode.c.objc; path = Place.m; sourceTree = "<group>"; };
		7AFFCC1515D9AE1000D66B86 /* Tag.h */ = {isa = PBXFileReference; fileEncoding = 4; lastKnownFileType = sourcecode.c.h; path = Tag.h; sourceTree = "<group>"; };
		7AFFCC1615D9AE1000D66B86 /* Tag.m */ = {isa = PBXFileReference; fileEncoding = 4; lastKnownFileType = sourcecode.c.objc; path = Tag.m; sourceTree = "<group>"; };
/* End PBXFileReference section */

/* Begin PBXFrameworksBuildPhase section */
		7AA79CC115A24CB100FF5516 /* Frameworks */ = {
			isa = PBXFrameworksBuildPhase;
			buildActionMask = 2147483647;
			files = (
				7AFFCC0515D98F7900D66B86 /* CoreData.framework in Frameworks */,
				7A3E275315D15A17007AC418 /* CoreLocation.framework in Frameworks */,
				7A3E275415D15A17007AC418 /* MapKit.framework in Frameworks */,
				7AA79CC915A24CB100FF5516 /* UIKit.framework in Frameworks */,
				7AA79CCB15A24CB100FF5516 /* Foundation.framework in Frameworks */,
				7AA79CCD15A24CB100FF5516 /* CoreGraphics.framework in Frameworks */,
			);
			runOnlyForDeploymentPostprocessing = 0;
		};
/* End PBXFrameworksBuildPhase section */

/* Begin PBXGroup section */
		7AA79CB915A24CB000FF5516 = {
			isa = PBXGroup;
			children = (
				7AA79CCE15A24CB100FF5516 /* TopPlaces */,
				7AA79CC715A24CB100FF5516 /* Frameworks */,
				7AA79CC515A24CB100FF5516 /* Products */,
			);
			sourceTree = "<group>";
		};
		7AA79CC515A24CB100FF5516 /* Products */ = {
			isa = PBXGroup;
			children = (
				7AA79CC415A24CB100FF5516 /* TopPlaces.app */,
			);
			name = Products;
			sourceTree = "<group>";
		};
		7AA79CC715A24CB100FF5516 /* Frameworks */ = {
			isa = PBXGroup;
			children = (
				7AFFCC0415D98F7900D66B86 /* CoreData.framework */,
				7A3E275115D15A17007AC418 /* CoreLocation.framework */,
				7A3E275215D15A17007AC418 /* MapKit.framework */,
				7AA79CC815A24CB100FF5516 /* UIKit.framework */,
				7AA79CCA15A24CB100FF5516 /* Foundation.framework */,
				7AA79CCC15A24CB100FF5516 /* CoreGraphics.framework */,
			);
			name = Frameworks;
			sourceTree = "<group>";
		};
		7AA79CCE15A24CB100FF5516 /* TopPlaces */ = {
			isa = PBXGroup;
			children = (
				7AA79CDA15A24CB100FF5516 /* MainStoryboard_iPhone.storyboard */,
				7AABB1AB15D95EC2008D7A28 /* VacationHelper.h */,
				7AABB1AC15D95EC2008D7A28 /* VacationHelper.m */,
				7AABB1BB15D968DA008D7A28 /* PlacesViewController.h */,
				7AABB1BC15D968DA008D7A28 /* PlacesViewController.m */,
				7AABB1C115D982B0008D7A28 /* VacationInfo.xcdatamodeld */,
				7AFFCC1515D9AE1000D66B86 /* Tag.h */,
				7AFFCC1615D9AE1000D66B86 /* Tag.m */,
				7AFFCC1215D9AE0D00D66B86 /* Place.h */,
				7AFFCC1315D9AE0E00D66B86 /* Place.m */,
				7AFFCC0F15D9AE0900D66B86 /* Photo.h */,
				7AFFCC1015D9AE0A00D66B86 /* Photo.m */,
				7AFFCBEB15D9880E00D66B86 /* Place+Create.h */,
				7AFFCBEC15D9880E00D66B86 /* Place+Create.m */,
				7AABB1D615D98596008D7A28 /* Photo+Create.h */,
				7AABB1D715D98596008D7A28 /* Photo+Create.m */,
				7AABB1D915D985AE008D7A28 /* Tag+Create.h */,
				7AABB1DA15D985AF008D7A28 /* Tag+Create.m */,
				7AABB1BE15D968F4008D7A28 /* TagsViewController.h */,
				7AABB1BF15D968F4008D7A28 /* TagsViewController.m */,
				7AD398CB15D59A2C00BED405 /* VirtualVacationController.h */,
				7AD398CC15D59A2D00BED405 /* VirtualVacationController.m */,
				7A7E810615D6C19A00447874 /* OptionsViewController.h */,
				7A7E810715D6C19B00447874 /* OptionsViewController.m */,
				7AA79CDD15A24CB100FF5516 /* MainStoryboard_iPad.storyboard */,
				7AD398C815D597B200BED405 /* FlickrFetcher.h */,
				7AD398C915D597B200BED405 /* FlickrFetcher.m */,
				7AD398C515D5979600BED405 /* CoreDataTableViewController.h */,
				7AD398C615D5979600BED405 /* CoreDataTableViewController.m */,
				7A42E6EC15A250C4007F2747 /* FlickerPhotosViewController.h */,
				7A42E6ED15A250C4007F2747 /* FlickerPhotosViewController.m */,
				7A42E71315A35028007F2747 /* FlickerRecentPhotosFromPlaceViewController.h */,
				7A42E71415A35029007F2747 /* FlickerRecentPhotosFromPlaceViewController.m */,
				7A42E70715A32A93007F2747 /* FlickrRecentPhotosViewController.h */,
				7A42E70815A32A93007F2747 /* FlickrRecentPhotosViewController.m */,
				7A42E6EF15A25456007F2747 /* FlickrAPIKey.h */,
				7AA79CCF15A24CB100FF5516 /* Supporting Files */,
				7AF1F33F15A519C400BA8C74 /* FlickrSinglePhotoViewController.h */,
				7AF1F34015A519C500BA8C74 /* FlickrSinglePhotoViewController.m */,
				7AF9C69815C9BA1400656CC5 /* Cache.h */,
				7AF9C69915C9BA1400656CC5 /* Cache.m */,
				7A3E275615D15BFD007AC418 /* FlickrPhotoAnnotation.h */,
				7A3E275715D15BFD007AC418 /* FlickrPhotoAnnotation.m */,
				7A3E275915D160FD007AC418 /* MapViewController.h */,
				7A3E275A15D160FE007AC418 /* MapViewController.m */,
			);
			path = TopPlaces;
			sourceTree = "<group>";
		};
		7AA79CCF15A24CB100FF5516 /* Supporting Files */ = {
			isa = PBXGroup;
			children = (
				7AA79CD715A24CB100FF5516 /* AppDelegate.h */,
				7AA79CD815A24CB100FF5516 /* AppDelegate.m */,
				7AA79CD015A24CB100FF5516 /* TopPlaces-Info.plist */,
				7AA79CD115A24CB100FF5516 /* InfoPlist.strings */,
				7AA79CD415A24CB100FF5516 /* main.m */,
				7AA79CD615A24CB100FF5516 /* TopPlaces-Prefix.pch */,
			);
			name = "Supporting Files";
			sourceTree = "<group>";
		};
/* End PBXGroup section */

/* Begin PBXNativeTarget section */
		7AA79CC315A24CB100FF5516 /* TopPlaces */ = {
			isa = PBXNativeTarget;
			buildConfigurationList = 7AA79CE515A24CB100FF5516 /* Build configuration list for PBXNativeTarget "TopPlaces" */;
			buildPhases = (
				7AA79CC015A24CB100FF5516 /* Sources */,
				7AA79CC115A24CB100FF5516 /* Frameworks */,
				7AA79CC215A24CB100FF5516 /* Resources */,
			);
			buildRules = (
			);
			dependencies = (
			);
			name = TopPlaces;
			productName = TopPlaces;
			productReference = 7AA79CC415A24CB100FF5516 /* TopPlaces.app */;
			productType = "com.apple.product-type.application";
		};
/* End PBXNativeTarget section */

/* Begin PBXProject section */
		7AA79CBB15A24CB000FF5516 /* Project object */ = {
			isa = PBXProject;
			attributes = {
				LastUpgradeCheck = 0420;
			};
			buildConfigurationList = 7AA79CBE15A24CB000FF5516 /* Build configuration list for PBXProject "TopPlaces" */;
			compatibilityVersion = "Xcode 3.2";
			developmentRegion = English;
			hasScannedForEncodings = 0;
			knownRegions = (
				en,
			);
			mainGroup = 7AA79CB915A24CB000FF5516;
			productRefGroup = 7AA79CC515A24CB100FF5516 /* Products */;
			projectDirPath = "";
			projectRoot = "";
			targets = (
				7AA79CC315A24CB100FF5516 /* TopPlaces */,
			);
		};
/* End PBXProject section */

/* Begin PBXResourcesBuildPhase section */
		7AA79CC215A24CB100FF5516 /* Resources */ = {
			isa = PBXResourcesBuildPhase;
			buildActionMask = 2147483647;
			files = (
				7AA79CD315A24CB100FF5516 /* InfoPlist.strings in Resources */,
				7AA79CDC15A24CB100FF5516 /* MainStoryboard_iPhone.storyboard in Resources */,
				7AA79CDF15A24CB100FF5516 /* MainStoryboard_iPad.storyboard in Resources */,
			);
			runOnlyForDeploymentPostprocessing = 0;
		};
/* End PBXResourcesBuildPhase section */

/* Begin PBXSourcesBuildPhase section */
		7AA79CC015A24CB100FF5516 /* Sources */ = {
			isa = PBXSourcesBuildPhase;
			buildActionMask = 2147483647;
			files = (
				7AA79CD515A24CB100FF5516 /* main.m in Sources */,
				7AA79CD915A24CB100FF5516 /* AppDelegate.m in Sources */,
				7A42E6EE15A250C4007F2747 /* FlickerPhotosViewController.m in Sources */,
				7A42E70915A32A93007F2747 /* FlickrRecentPhotosViewController.m in Sources */,
				7A42E71515A35029007F2747 /* FlickerRecentPhotosFromPlaceViewController.m in Sources */,
				7AF1F34115A519C500BA8C74 /* FlickrSinglePhotoViewController.m in Sources */,
				7AF9C69A15C9BA1400656CC5 /* Cache.m in Sources */,
				7A3E275815D15BFE007AC418 /* FlickrPhotoAnnotation.m in Sources */,
				7A3E275B15D160FE007AC418 /* MapViewController.m in Sources */,
				7AD398C715D5979600BED405 /* CoreDataTableViewController.m in Sources */,
				7AD398CA15D597B200BED405 /* FlickrFetcher.m in Sources */,
				7AD398CD15D59A2D00BED405 /* VirtualVacationController.m in Sources */,
				7A7E810815D6C19B00447874 /* OptionsViewController.m in Sources */,
				7AABB1AD15D95EC2008D7A28 /* VacationHelper.m in Sources */,
				7AABB1BD15D968DA008D7A28 /* PlacesViewController.m in Sources */,
				7AABB1C015D968F4008D7A28 /* TagsViewController.m in Sources */,
				7AABB1C315D982B0008D7A28 /* VacationInfo.xcdatamodeld in Sources */,
				7AABB1D815D98597008D7A28 /* Photo+Create.m in Sources */,
				7AABB1DB15D985B0008D7A28 /* Tag+Create.m in Sources */,
				7AFFCBED15D9880E00D66B86 /* Place+Create.m in Sources */,
				7AFFCC1115D9AE0B00D66B86 /* Photo.m in Sources */,
				7AFFCC1415D9AE0F00D66B86 /* Place.m in Sources */,
				7AFFCC1715D9AE1200D66B86 /* Tag.m in Sources */,
			);
			runOnlyForDeploymentPostprocessing = 0;
		};
/* End PBXSourcesBuildPhase section */

/* Begin PBXVariantGroup section */
		7AA79CD115A24CB100FF5516 /* InfoPlist.strings */ = {
			isa = PBXVariantGroup;
			children = (
				7AA79CD215A24CB100FF5516 /* en */,
			);
			name = InfoPlist.strings;
			sourceTree = "<group>";
		};
		7AA79CDA15A24CB100FF5516 /* MainStoryboard_iPhone.storyboard */ = {
			isa = PBXVariantGroup;
			children = (
				7AA79CDB15A24CB100FF5516 /* en */,
			);
			name = MainStoryboard_iPhone.storyboard;
			sourceTree = "<group>";
		};
		7AA79CDD15A24CB100FF5516 /* MainStoryboard_iPad.storyboard */ = {
			isa = PBXVariantGroup;
			children = (
				7AA79CDE15A24CB100FF5516 /* en */,
			);
			name = MainStoryboard_iPad.storyboard;
			sourceTree = "<group>";
		};
/* End PBXVariantGroup section */

/* Begin XCBuildConfiguration section */
		7AA79CE315A24CB100FF5516 /* Debug */ = {
			isa = XCBuildConfiguration;
			buildSettings = {
				ALWAYS_SEARCH_USER_PATHS = NO;
				ARCHS = "$(ARCHS_STANDARD_32_BIT)";
				CLANG_ENABLE_OBJC_ARC = YES;
				"CODE_SIGN_IDENTITY[sdk=iphoneos*]" = "iPhone Developer";
				COPY_PHASE_STRIP = NO;
				GCC_C_LANGUAGE_STANDARD = gnu99;
				GCC_DYNAMIC_NO_PIC = NO;
				GCC_OPTIMIZATION_LEVEL = 0;
				GCC_PREPROCESSOR_DEFINITIONS = (
					"DEBUG=1",
					"$(inherited)",
				);
				GCC_SYMBOLS_PRIVATE_EXTERN = NO;
				GCC_VERSION = com.apple.compilers.llvm.clang.1_0;
				GCC_WARN_ABOUT_MISSING_PROTOTYPES = YES;
				GCC_WARN_ABOUT_RETURN_TYPE = YES;
				GCC_WARN_UNUSED_VARIABLE = YES;
				IPHONEOS_DEPLOYMENT_TARGET = 5.0;
				SDKROOT = iphoneos;
				TARGETED_DEVICE_FAMILY = "1,2";
			};
			name = Debug;
		};
		7AA79CE415A24CB100FF5516 /* Release */ = {
			isa = XCBuildConfiguration;
			buildSettings = {
				ALWAYS_SEARCH_USER_PATHS = NO;
				ARCHS = "$(ARCHS_STANDARD_32_BIT)";
				CLANG_ENABLE_OBJC_ARC = YES;
				"CODE_SIGN_IDENTITY[sdk=iphoneos*]" = "iPhone Developer";
				COPY_PHASE_STRIP = YES;
				GCC_C_LANGUAGE_STANDARD = gnu99;
				GCC_VERSION = com.apple.compilers.llvm.clang.1_0;
				GCC_WARN_ABOUT_MISSING_PROTOTYPES = YES;
				GCC_WARN_ABOUT_RETURN_TYPE = YES;
				GCC_WARN_UNUSED_VARIABLE = YES;
				IPHONEOS_DEPLOYMENT_TARGET = 5.0;
				OTHER_CFLAGS = "-DNS_BLOCK_ASSERTIONS=1";
				SDKROOT = iphoneos;
				TARGETED_DEVICE_FAMILY = "1,2";
				VALIDATE_PRODUCT = YES;
			};
			name = Release;
		};
		7AA79CE615A24CB100FF5516 /* Debug */ = {
			isa = XCBuildConfiguration;
			buildSettings = {
				GCC_PRECOMPILE_PREFIX_HEADER = YES;
				GCC_PREFIX_HEADER = "TopPlaces/TopPlaces-Prefix.pch";
				INFOPLIST_FILE = "TopPlaces/TopPlaces-Info.plist";
				PRODUCT_NAME = "$(TARGET_NAME)";
				WRAPPER_EXTENSION = app;
			};
			name = Debug;
		};
		7AA79CE715A24CB100FF5516 /* Release */ = {
			isa = XCBuildConfiguration;
			buildSettings = {
				GCC_PRECOMPILE_PREFIX_HEADER = YES;
				GCC_PREFIX_HEADER = "TopPlaces/TopPlaces-Prefix.pch";
				INFOPLIST_FILE = "TopPlaces/TopPlaces-Info.plist";
				PRODUCT_NAME = "$(TARGET_NAME)";
				WRAPPER_EXTENSION = app;
			};
			name = Release;
		};
/* End XCBuildConfiguration section */

/* Begin XCConfigurationList section */
		7AA79CBE15A24CB000FF5516 /* Build configuration list for PBXProject "TopPlaces" */ = {
			isa = XCConfigurationList;
			buildConfigurations = (
				7AA79CE315A24CB100FF5516 /* Debug */,
				7AA79CE415A24CB100FF5516 /* Release */,
			);
			defaultConfigurationIsVisible = 0;
			defaultConfigurationName = Release;
		};
		7AA79CE515A24CB100FF5516 /* Build configuration list for PBXNativeTarget "TopPlaces" */ = {
			isa = XCConfigurationList;
			buildConfigurations = (
				7AA79CE615A24CB100FF5516 /* Debug */,
				7AA79CE715A24CB100FF5516 /* Release */,
			);
			defaultConfigurationIsVisible = 0;
			defaultConfigurationName = Release;
		};
/* End XCConfigurationList section */

/* Begin XCVersionGroup section */
		7AABB1C115D982B0008D7A28 /* VacationInfo.xcdatamodeld */ = {
			isa = XCVersionGroup;
			children = (
				7AABB1C215D982B0008D7A28 /* VacationInfo.xcdatamodel */,
			);
			currentVersion = 7AABB1C215D982B0008D7A28 /* VacationInfo.xcdatamodel */;
			path = VacationInfo.xcdatamodeld;
			sourceTree = "<group>";
			versionGroupType = wrapper.xcdatamodel;
		};
/* End XCVersionGroup section */
	};
	rootObject = 7AA79CBB15A24CB000FF5516 /* Project object */;
}
